
Microsoft Visual Studio Solution File, Format Version 12.00
# Visual Studio Version 17
VisualStudioVersion = 17.0.31903.59
MinimumVisualStudioVersion = 10.0.40219.1
Project("{FAE04EC0-301F-11D3-BF4B-00C04F79EFBC}") = "NetManager.Core", "NetManager.Core\NetManager.Core.csproj", "{8F075FC1-20D9-4797-BB71-0447492C4F74}"
EndProject
Project("{FAE04EC0-301F-11D3-BF4B-00C04F79EFBC}") = "NetManager.Cli", "NetManager.Cli\NetManager.Cli.csproj", "{489B1583-0ED1-43CC-9231-B2178B93490B}"
EndProject
Global
	GlobalSection(SolutionConfigurationPlatforms) = preSolution
		Debug|Any CPU = Debug|Any CPU
		Release|Any CPU = Release|Any CPU
	EndGlobalSection
	GlobalSection(ProjectConfigurationPlatforms) = postSolution
		{8F075FC1-20D9-4797-BB71-0447492C4F74}.Debug|Any CPU.ActiveCfg = Debug|Any CPU
		{8F075FC1-20D9-4797-BB71-0447492C4F74}.Debug|Any CPU.Build.0 = Debug|Any CPU
		{8F075FC1-20D9-4797-BB71-0447492C4F74}.Release|Any CPU.ActiveCfg = Release|Any CPU
		{8F075FC1-20D9-4797-BB71-0447492C4F74}.Release|Any CPU.Build.0 = Release|Any CPU
		{489B1583-0ED1-43CC-9231-B2178B93490B}.Debug|Any CPU.ActiveCfg = Debug|Any CPU
		{489B1583-0ED1-43CC-9231-B2178B93490B}.Debug|Any CPU.Build.0 = Debug|Any CPU
		{489B1583-0ED1-43CC-9231-B2178B93490B}.Release|Any CPU.ActiveCfg = Release|Any CPU
		{489B1583-0ED1-43CC-9231-B2178B93490B}.Release|Any CPU.Build.0 = Release|Any CPU
	EndGlobalSection
	GlobalSection(SolutionProperties) = preSolution
		HideSolutionNode = FALSE
	EndGlobalSection
EndGlobal
