
Microsoft Visual Studio Solution File, Format Version 12.00
# Visual Studio Version 17
VisualStudioVersion = 17.5.002.0
MinimumVisualStudioVersion = 10.0.40219.1
Project("{9A19103F-16F7-4668-BE54-9A1E7A4F7556}") = "NetWarden.Tui", "NetWarden.Tui.csproj", "{6537F289-C21A-4550-AED4-23BD4A39FD1B}"
EndProject
Global
	GlobalSection(SolutionConfigurationPlatforms) = preSolution
		Debug|Any CPU = Debug|Any CPU
		Release|Any CPU = Release|Any CPU
	EndGlobalSection
	GlobalSection(ProjectConfigurationPlatforms) = postSolution
		{6537F289-C21A-4550-AED4-23BD4A39FD1B}.Debug|Any CPU.ActiveCfg = Debug|Any CPU
		{6537F289-C21A-4550-AED4-23BD4A39FD1B}.Debug|Any CPU.Build.0 = Debug|Any CPU
		{6537F289-C21A-4550-AED4-23BD4A39FD1B}.Release|Any CPU.ActiveCfg = Release|Any CPU
		{6537F289-C21A-4550-AED4-23BD4A39FD1B}.Release|Any CPU.Build.0 = Release|Any CPU
	EndGlobalSection
	GlobalSection(SolutionProperties) = preSolution
		HideSolutionNode = FALSE
	EndGlobalSection
	GlobalSection(ExtensibilityGlobals) = postSolution
		SolutionGuid = {C2E0B32F-2683-49BB-B963-9FC644C2A46F}
	EndGlobalSection
EndGlobal
